{
  "name": "sequence-generator",
  "version": "1.0.0",
  "lockfileVersion": 3,
  "requires": true,
  "packages": {
    "": {
      "name": "sequence-generator",
      "version": "1.0.0",
      "license": "ISC",
      "dependencies": {
        "arbit": "^0.1.1"
      }
    },
    "node_modules/arbit": {
      "version": "0.1.1",
      "resolved": "https://registry.npmjs.org/arbit/-/arbit-0.1.1.tgz",
      "integrity": "sha512-5CADPxyiw+ocyJIZix+YQce7Q8sa8NkNceTWZQYVeqe9T/NOuOPTcdrvPBMDysw6ia7thWnx7wGyNqOf3fdS7Q==",
      "license": "MIT"
    }
  }
}
